// !$*UTF8*$!
{
	archiveVersion = 1;
	classes = {
	};
	objectVersion = 46;
	objects = {

/* Begin PBXBuildFile section */
		F4A0FB241E497B9F000086B4 /* main.m in Sources */ = {isa = PBXBuildFile; fileRef = F4A0FB231E497B9F000086B4 /* main.m */; };
		F4A0FB271E497B9F000086B4 /* AppDelegate.m in Sources */ = {isa = PBXBuildFile; fileRef = F4A0FB261E497B9F000086B4 /* AppDelegate.m */; };
		F4A0FB2A1E497B9F000086B4 /* ViewController.m in Sources */ = {isa = PBXBuildFile; fileRef = F4A0FB291E497B9F000086B4 /* ViewController.m */; };
		F4A0FB2D1E497B9F000086B4 /* Main.storyboard in Resources */ = {isa = PBXBuildFile; fileRef = F4A0FB2B1E497B9F000086B4 /* Main.storyboard */; };
		F4A0FB2F1E497B9F000086B4 /* Assets.xcassets in Resources */ = {isa = PBXBuildFile; fileRef = F4A0FB2E1E497B9F000086B4 /* Assets.xcassets */; };
		F4A0FB321E497B9F000086B4 /* LaunchScreen.storyboard in Resources */ = {isa = PBXBuildFile; fileRef = F4A0FB301E497B9F000086B4 /* LaunchScreen.storyboard */; };
		F4A0FB3D1E497B9F000086B4 /* RunTimeStudyTests.m in Sources */ = {isa = PBXBuildFile; fileRef = F4A0FB3C1E497B9F000086B4 /* RunTimeStudyTests.m */; };
		F4A0FB481E497B9F000086B4 /* RunTimeStudyUITests.m in Sources */ = {isa = PBXBuildFile; fileRef = F4A0FB471E497B9F000086B4 /* RunTimeStudyUITests.m */; };
/* End PBXBuildFile section */

/* Begin PBXContainerItemProxy section */
		F4A0FB391E497B9F000086B4 /* PBXContainerItemProxy */ = {
			isa = PBXContainerItemProxy;
			containerPortal = F4A0FB171E497B9F000086B4 /* Project object */;
			proxyType = 1;
			remoteGlobalIDString = F4A0FB1E1E497B9F000086B4;
			remoteInfo = RunTimeStudy;
		};
		F4A0FB441E497B9F000086B4 /* PBXContainerItemProxy */ = {
			isa = PBXContainerItemProxy;
			containerPortal = F4A0FB171E497B9F000086B4 /* Project object */;
			proxyType = 1;
			remoteGlobalIDString = F4A0FB1E1E497B9F000086B4;
			remoteInfo = RunTimeStudy;
		};
/* End PBXContainerItemProxy section */

/* Begin PBXFileReference section */
		F4A0FB1F1E497B9F000086B4 /* RunTimeStudy.app */ = {isa = PBXFileReference; explicitFileType = wrapper.application; includeInIndex = 0; path = RunTimeStudy.app; sourceTree = BUILT_PRODUCTS_DIR; };
		F4A0FB231E497B9F000086B4 /* main.m */ = {isa = PBXFileReference; lastKnownFileType = sourcecode.c.objc; path = main.m; sourceTree = "<group>"; };
		F4A0FB251E497B9F000086B4 /* AppDelegate.h */ = {isa = PBXFileReference; lastKnownFileType = sourcecode.c.h; path = AppDelegate.h; sourceTree = "<group>"; };
		F4A0FB261E497B9F000086B4 /* AppDelegate.m */ = {isa = PBXFileReference; lastKnownFileType = sourcecode.c.objc; path = AppDelegate.m; sourceTree = "<group>"; };
		F4A0FB281E497B9F000086B4 /* ViewController.h */ = {isa = PBXFileReference; lastKnownFileType = sourcecode.c.h; path = ViewController.h; sourceTree = "<group>"; };
		F4A0FB291E497B9F000086B4 /* ViewController.m */ = {isa = PBXFileReference; lastKnownFileType = sourcecode.c.objc; path = ViewController.m; sourceTree = "<group>"; };
		F4A0FB2C1E497B9F000086B4 /* Base */ = {isa = PBXFileReference; lastKnownFileType = file.storyboard; name = Base; path = Base.lproj/Main.storyboard; sourceTree = "<group>"; };
		F4A0FB2E1E497B9F000086B4 /* Assets.xcassets */ = {isa = PBXFileReference; lastKnownFileType = folder.assetcatalog; path = Assets.xcassets; sourceTree = "<group>"; };
		F4A0FB311E497B9F000086B4 /* Base */ = {isa = PBXFileReference; lastKnownFileType = file.storyboard; name = Base; path = Base.lproj/LaunchScreen.storyboard; sourceTree = "<group>"; };
		F4A0FB331E497B9F000086B4 /* Info.plist */ = {isa = PBXFileReference; lastKnownFileType = text.plist.xml; path = Info.plist; sourceTree = "<group>"; };
		F4A0FB381E497B9F000086B4 /* RunTimeStudyTests.xctest */ = {isa = PBXFileReference; explicitFileType = wrapper.cfbundle; includeInIndex = 0; path = RunTimeStudyTests.xctest; sourceTree = BUILT_PRODUCTS_DIR; };
		F4A0FB3C1E497B9F000086B4 /* RunTimeStudyTests.m */ = {isa = PBXFileReference; lastKnownFileType = sourcecode.c.objc; path = RunTimeStudyTests.m; sourceTree = "<group>"; };
		F4A0FB3E1E497B9F000086B4 /* Info.plist */ = {isa = PBXFileReference; lastKnownFileType = text.plist.xml; path = Info.plist; sourceTree = "<group>"; };
		F4A0FB431E497B9F000086B4 /* RunTimeStudyUITests.xctest */ = {isa = PBXFileReference; explicitFileType = wrapper.cfbundle; includeInIndex = 0; path = RunTimeStudyUITests.xctest; sourceTree = BUILT_PRODUCTS_DIR; };
		F4A0FB471E497B9F000086B4 /* RunTimeStudyUITests.m */ = {isa = PBXFileReference; lastKnownFileType = sourcecode.c.objc; path = RunTimeStudyUITests.m; sourceTree = "<group>"; };
		F4A0FB491E497B9F000086B4 /* Info.plist */ = {isa = PBXFileReference; lastKnownFileType = text.plist.xml; path = Info.plist; sourceTree = "<group>"; };
/* End PBXFileReference section */

/* Begin PBXFrameworksBuildPhase section */
		F4A0FB1C1E497B9F000086B4 /* Frameworks */ = {
			isa = PBXFrameworksBuildPhase;
			buildActionMask = 2147483647;
			files = (
			);
			runOnlyForDeploymentPostprocessing = 0;
		};
		F4A0FB351E497B9F000086B4 /* Frameworks */ = {
			isa = PBXFrameworksBuildPhase;
			buildActionMask = 2147483647;
			files = (
			);
			runOnlyForDeploymentPostprocessing = 0;
		};
		F4A0FB401E497B9F000086B4 /* Frameworks */ = {
			isa = PBXFrameworksBuildPhase;
			buildActionMask = 2147483647;
			files = (
			);
			runOnlyForDeploymentPostprocessing = 0;
		};
/* End PBXFrameworksBuildPhase section */

/* Begin PBXGroup section */
		F4A0FB161E497B9F000086B4 = {
			isa = PBXGroup;
			children = (
				F4A0FB211E497B9F000086B4 /* RunTimeStudy */,
				F4A0FB3B1E497B9F000086B4 /* RunTimeStudyTests */,
				F4A0FB461E497B9F000086B4 /* RunTimeStudyUITests */,
				F4A0FB201E497B9F000086B4 /* Products */,
			);
			sourceTree = "<group>";
		};
		F4A0FB201E497B9F000086B4 /* Products */ = {
			isa = PBXGroup;
			children = (
				F4A0FB1F1E497B9F000086B4 /* RunTimeStudy.app */,
				F4A0FB381E497B9F000086B4 /* RunTimeStudyTests.xctest */,
				F4A0FB431E497B9F000086B4 /* RunTimeStudyUITests.xctest */,
			);
			name = Products;
			sourceTree = "<group>";
		};
		F4A0FB211E497B9F000086B4 /* RunTimeStudy */ = {
			isa = PBXGroup;
			children = (
				F4A0FB251E497B9F000086B4 /* AppDelegate.h */,
				F4A0FB261E497B9F000086B4 /* AppDelegate.m */,
				F4A0FB281E497B9F000086B4 /* ViewController.h */,
				F4A0FB291E497B9F000086B4 /* ViewController.m */,
				F4A0FB2B1E497B9F000086B4 /* Main.storyboard */,
				F4A0FB2E1E497B9F000086B4 /* Assets.xcassets */,
				F4A0FB301E497B9F000086B4 /* LaunchScreen.storyboard */,
				F4A0FB331E497B9F000086B4 /* Info.plist */,
				F4A0FB221E497B9F000086B4 /* Supporting Files */,
			);
			path = RunTimeStudy;
			sourceTree = "<group>";
		};
		F4A0FB221E497B9F000086B4 /* Supporting Files */ = {
			isa = PBXGroup;
			children = (
				F4A0FB231E497B9F000086B4 /* main.m */,
			);
			name = "Supporting Files";
			sourceTree = "<group>";
		};
		F4A0FB3B1E497B9F000086B4 /* RunTimeStudyTests */ = {
			isa = PBXGroup;
			children = (
				F4A0FB3C1E497B9F000086B4 /* RunTimeStudyTests.m */,
				F4A0FB3E1E497B9F000086B4 /* Info.plist */,
			);
			path = RunTimeStudyTests;
			sourceTree = "<group>";
		};
		F4A0FB461E497B9F000086B4 /* RunTimeStudyUITests */ = {
			isa = PBXGroup;
			children = (
				F4A0FB471E497B9F000086B4 /* RunTimeStudyUITests.m */,
				F4A0FB491E497B9F000086B4 /* Info.plist */,
			);
			path = RunTimeStudyUITests;
			sourceTree = "<group>";
		};
/* End PBXGroup section */

/* Begin PBXNativeTarget section */
		F4A0FB1E1E497B9F000086B4 /* RunTimeStudy */ = {
			isa = PBXNativeTarget;
			buildConfigurationList = F4A0FB4C1E497B9F000086B4 /* Build configuration list for PBXNativeTarget "RunTimeStudy" */;
			buildPhases = (
				F4A0FB1B1E497B9F000086B4 /* Sources */,
				F4A0FB1C1E497B9F000086B4 /* Frameworks */,
				F4A0FB1D1E497B9F000086B4 /* Resources */,
			);
			buildRules = (
			);
			dependencies = (
			);
			name = RunTimeStudy;
			productName = RunTimeStudy;
			productReference = F4A0FB1F1E497B9F000086B4 /* RunTimeStudy.app */;
			productType = "com.apple.product-type.application";
		};
		F4A0FB371E497B9F000086B4 /* RunTimeStudyTests */ = {
			isa = PBXNativeTarget;
			buildConfigurationList = F4A0FB4F1E497B9F000086B4 /* Build configuration list for PBXNativeTarget "RunTimeStudyTests" */;
			buildPhases = (
				F4A0FB341E497B9F000086B4 /* Sources */,
				F4A0FB351E497B9F000086B4 /* Frameworks */,
				F4A0FB361E497B9F000086B4 /* Resources */,
			);
			buildRules = (
			);
			dependencies = (
				F4A0FB3A1E497B9F000086B4 /* PBXTargetDependency */,
			);
			name = RunTimeStudyTests;
			productName = RunTimeStudyTests;
			productReference = F4A0FB381E497B9F000086B4 /* RunTimeStudyTests.xctest */;
			productType = "com.apple.product-type.bundle.unit-test";
		};
		F4A0FB421E497B9F000086B4 /* RunTimeStudyUITests */ = {
			isa = PBXNativeTarget;
			buildConfigurationList = F4A0FB521E497B9F000086B4 /* Build configuration list for PBXNativeTarget "RunTimeStudyUITests" */;
			buildPhases = (
				F4A0FB3F1E497B9F000086B4 /* Sources */,
				F4A0FB401E497B9F000086B4 /* Frameworks */,
				F4A0FB411E497B9F000086B4 /* Resources */,
			);
			buildRules = (
			);
			dependencies = (
				F4A0FB451E497B9F000086B4 /* PBXTargetDependency */,
			);
			name = RunTimeStudyUITests;
			productName = RunTimeStudyUITests;
			productReference = F4A0FB431E497B9F000086B4 /* RunTimeStudyUITests.xctest */;
			productType = "com.apple.product-type.bundle.ui-testing";
		};
/* End PBXNativeTarget section */

/* Begin PBXProject section */
		F4A0FB171E497B9F000086B4 /* Project object */ = {
			isa = PBXProject;
			attributes = {
				LastUpgradeCheck = 0820;
				ORGANIZATIONNAME = "誉狼";
				TargetAttributes = {
					F4A0FB1E1E497B9F000086B4 = {
						CreatedOnToolsVersion = 8.2;
						DevelopmentTeam = MW9ST4RSBC;
						ProvisioningStyle = Automatic;
					};
					F4A0FB371E497B9F000086B4 = {
						CreatedOnToolsVersion = 8.2;
						DevelopmentTeam = MW9ST4RSBC;
						ProvisioningStyle = Automatic;
						TestTargetID = F4A0FB1E1E497B9F000086B4;
					};
					F4A0FB421E497B9F000086B4 = {
						CreatedOnToolsVersion = 8.2;
						DevelopmentTeam = MW9ST4RSBC;
						ProvisioningStyle = Automatic;
						TestTargetID = F4A0FB1E1E497B9F000086B4;
					};
				};
			};
			buildConfigurationList = F4A0FB1A1E497B9F000086B4 /* Build configuration list for PBXProject "RunTimeStudy" */;
			compatibilityVersion = "Xcode 3.2";
			developmentRegion = English;
			hasScannedForEncodings = 0;
			knownRegions = (
				en,
				Base,
			);
			mainGroup = F4A0FB161E497B9F000086B4;
			productRefGroup = F4A0FB201E497B9F000086B4 /* Products */;
			projectDirPath = "";
			projectRoot = "";
			targets = (
				F4A0FB1E1E497B9F000086B4 /* RunTimeStudy */,
				F4A0FB371E497B9F000086B4 /* RunTimeStudyTests */,
				F4A0FB421E497B9F000086B4 /* RunTimeStudyUITests */,
			);
		};
/* End PBXProject section */

/* Begin PBXResourcesBuildPhase section */
		F4A0FB1D1E497B9F000086B4 /* Resources */ = {
			isa = PBXResourcesBuildPhase;
			buildActionMask = 2147483647;
			files = (
				F4A0FB321E497B9F000086B4 /* LaunchScreen.storyboard in Resources */,
				F4A0FB2F1E497B9F000086B4 /* Assets.xcassets in Resources */,
				F4A0FB2D1E497B9F000086B4 /* Main.storyboard in Resources */,
			);
			runOnlyForDeploymentPostprocessing = 0;
		};
		F4A0FB361E497B9F000086B4 /* Resources */ = {
			isa = PBXResourcesBuildPhase;
			buildActionMask = 2147483647;
			files = (
			);
			runOnlyForDeploymentPostprocessing = 0;
		};
		F4A0FB411E497B9F000086B4 /* Resources */ = {
			isa = PBXResourcesBuildPhase;
			buildActionMask = 2147483647;
			files = (
			);
			runOnlyForDeploymentPostprocessing = 0;
		};
/* End PBXResourcesBuildPhase section */

/* Begin PBXSourcesBuildPhase section */
		F4A0FB1B1E497B9F000086B4 /* Sources */ = {
			isa = PBXSourcesBuildPhase;
			buildActionMask = 2147483647;
			files = (
				F4A0FB2A1E497B9F000086B4 /* ViewController.m in Sources */,
				F4A0FB271E497B9F000086B4 /* AppDelegate.m in Sources */,
				F4A0FB241E497B9F000086B4 /* main.m in Sources */,
			);
			runOnlyForDeploymentPostprocessing = 0;
		};
		F4A0FB341E497B9F000086B4 /* Sources */ = {
			isa = PBXSourcesBuildPhase;
			buildActionMask = 2147483647;
			files = (
				F4A0FB3D1E497B9F000086B4 /* RunTimeStudyTests.m in Sources */,
			);
			runOnlyForDeploymentPostprocessing = 0;
		};
		F4A0FB3F1E497B9F000086B4 /* Sources */ = {
			isa = PBXSourcesBuildPhase;
			buildActionMask = 2147483647;
			files = (
				F4A0FB481E497B9F000086B4 /* RunTimeStudyUITests.m in Sources */,
			);
			runOnlyForDeploymentPostprocessing = 0;
		};
/* End PBXSourcesBuildPhase section */

/* Begin PBXTargetDependency section */
		F4A0FB3A1E497B9F000086B4 /* PBXTargetDependency */ = {
			isa = PBXTargetDependency;
			target = F4A0FB1E1E497B9F000086B4 /* RunTimeStudy */;
			targetProxy = F4A0FB391E497B9F000086B4 /* PBXContainerItemProxy */;
		};
		F4A0FB451E497B9F000086B4 /* PBXTargetDependency */ = {
			isa = PBXTargetDependency;
			target = F4A0FB1E1E497B9F000086B4 /* RunTimeStudy */;
			targetProxy = F4A0FB441E497B9F000086B4 /* PBXContainerItemProxy */;
		};
/* End PBXTargetDependency section */

/* Begin PBXVariantGroup section */
		F4A0FB2B1E497B9F000086B4 /* Main.storyboard */ = {
			isa = PBXVariantGroup;
			children = (
				F4A0FB2C1E497B9F000086B4 /* Base */,
			);
			name = Main.storyboard;
			sourceTree = "<group>";
		};
		F4A0FB301E497B9F000086B4 /* LaunchScreen.storyboard */ = {
			isa = PBXVariantGroup;
			children = (
				F4A0FB311E497B9F000086B4 /* Base */,
			);
			name = LaunchScreen.storyboard;
			sourceTree = "<group>";
		};
/* End PBXVariantGroup section */

/* Begin XCBuildConfiguration section */
		F4A0FB4A1E497B9F000086B4 /* Debug */ = {
			isa = XCBuildConfiguration;
			buildSettings = {
				ALWAYS_SEARCH_USER_PATHS = NO;
				CLANG_ANALYZER_NONNULL = YES;
				CLANG_CXX_LANGUAGE_STANDARD = "gnu++0x";
				CLANG_CXX_LIBRARY = "libc++";
				CLANG_ENABLE_MODULES = YES;
				CLANG_ENABLE_OBJC_ARC = YES;
				CLANG_WARN_BOOL_CONVERSION = YES;
				CLANG_WARN_CONSTANT_CONVERSION = YES;
				CLANG_WARN_DIRECT_OBJC_ISA_USAGE = YES_ERROR;
				CLANG_WARN_DOCUMENTATION_COMMENTS = YES;
				CLANG_WARN_EMPTY_BODY = YES;
				CLANG_WARN_ENUM_CONVERSION = YES;
				CLANG_WARN_INFINITE_RECURSION = YES;
				CLANG_WARN_INT_CONVERSION = YES;
				CLANG_WARN_OBJC_ROOT_CLASS = YES_ERROR;
				CLANG_WARN_SUSPICIOUS_MOVE = YES;
				CLANG_WARN_UNREACHABLE_CODE = YES;
				CLANG_WARN__DUPLICATE_METHOD_MATCH = YES;
				"CODE_SIGN_IDENTITY[sdk=iphoneos*]" = "iPhone Developer";
				COPY_PHASE_STRIP = NO;
				DEBUG_INFORMATION_FORMAT = dwarf;
				ENABLE_STRICT_OBJC_MSGSEND = YES;
				ENABLE_TESTABILITY = YES;
				GCC_C_LANGUAGE_STANDARD = gnu99;
				GCC_DYNAMIC_NO_PIC = NO;
				GCC_NO_COMMON_BLOCKS = YES;
				GCC_OPTIMIZATION_LEVEL = 0;
				GCC_PREPROCESSOR_DEFINITIONS = (
					"DEBUG=1",
					"$(inherited)",
				);
				GCC_WARN_64_TO_32_BIT_CONVERSION = YES;
				GCC_WARN_ABOUT_RETURN_TYPE = YES_ERROR;
				GCC_WARN_UNDECLARED_SELECTOR = YES;
				GCC_WARN_UNINITIALIZED_AUTOS = YES_AGGRESSIVE;
				GCC_WARN_UNUSED_FUNCTION = YES;
				GCC_WARN_UNUSED_VARIABLE = YES;
				IPHONEOS_DEPLOYMENT_TARGET = 10.2;
				MTL_ENABLE_DEBUG_INFO = YES;
				ONLY_ACTIVE_ARCH = YES;
				SDKROOT = iphoneos;
			};
			name = Debug;
		};
		F4A0FB4B1E497B9F000086B4 /* Release */ = {
			isa = XCBuildConfiguration;
			buildSettings = {
				ALWAYS_SEARCH_USER_PATHS = NO;
				CLANG_ANALYZER_NONNULL = YES;
				CLANG_CXX_LANGUAGE_STANDARD = "gnu++0x";
				CLANG_CXX_LIBRARY = "libc++";
				CLANG_ENABLE_MODULES = YES;
				CLANG_ENABLE_OBJC_ARC = YES;
				CLANG_WARN_BOOL_CONVERSION = YES;
				CLANG_WARN_CONSTANT_CONVERSION = YES;
				CLANG_WARN_DIRECT_OBJC_ISA_USAGE = YES_ERROR;
				CLANG_WARN_DOCUMENTATION_COMMENTS = YES;
				CLANG_WARN_EMPTY_BODY = YES;
				CLANG_WARN_ENUM_CONVERSION = YES;
				CLANG_WARN_INFINITE_RECURSION = YES;
				CLANG_WARN_INT_CONVERSION = YES;
				CLANG_WARN_OBJC_ROOT_CLASS = YES_ERROR;
				CLANG_WARN_SUSPICIOUS_MOVE = YES;
				CLANG_WARN_UNREACHABLE_CODE = YES;
				CLANG_WARN__DUPLICATE_METHOD_MATCH = YES;
				"CODE_SIGN_IDENTITY[sdk=iphoneos*]" = "iPhone Developer";
				COPY_PHASE_STRIP = NO;
				DEBUG_INFORMATION_FORMAT = "dwarf-with-dsym";
				ENABLE_NS_ASSERTIONS = NO;
				ENABLE_STRICT_OBJC_MSGSEND = YES;
				GCC_C_LANGUAGE_STANDARD = gnu99;
				GCC_NO_COMMON_BLOCKS = YES;
				GCC_WARN_64_TO_32_BIT_CONVERSION = YES;
				GCC_WARN_ABOUT_RETURN_TYPE = YES_ERROR;
				GCC_WARN_UNDECLARED_SELECTOR = YES;
				GCC_WARN_UNINITIALIZED_AUTOS = YES_AGGRESSIVE;
				GCC_WARN_UNUSED_FUNCTION = YES;
				GCC_WARN_UNUSED_VARIABLE = YES;
				IPHONEOS_DEPLOYMENT_TARGET = 10.2;
				MTL_ENABLE_DEBUG_INFO = NO;
				SDKROOT = iphoneos;
				VALIDATE_PRODUCT = YES;
			};
			name = Release;
		};
		F4A0FB4D1E497B9F000086B4 /* Debug */ = {
			isa = XCBuildConfiguration;
			buildSettings = {
				ASSETCATALOG_COMPILER_APPICON_NAME = AppIcon;
				DEVELOPMENT_TEAM = MW9ST4RSBC;
				INFOPLIST_FILE = RunTimeStudy/Info.plist;
				LD_RUNPATH_SEARCH_PATHS = "$(inherited) @executable_path/Frameworks";
				PRODUCT_BUNDLE_IDENTIFIER = "--.RunTimeStudy";
				PRODUCT_NAME = "$(TARGET_NAME)";
			};
			name = Debug;
		};
		F4A0FB4E1E497B9F000086B4 /* Release */ = {
			isa = XCBuildConfiguration;
			buildSettings = {
				ASSETCATALOG_COMPILER_APPICON_NAME = AppIcon;
				DEVELOPMENT_TEAM = MW9ST4RSBC;
				INFOPLIST_FILE = RunTimeStudy/Info.plist;
				LD_RUNPATH_SEARCH_PATHS = "$(inherited) @executable_path/Frameworks";
				PRODUCT_BUNDLE_IDENTIFIER = "--.RunTimeStudy";
				PRODUCT_NAME = "$(TARGET_NAME)";
			};
			name = Release;
		};
		F4A0FB501E497B9F000086B4 /* Debug */ = {
			isa = XCBuildConfiguration;
			buildSettings = {
				BUNDLE_LOADER = "$(TEST_HOST)";
				DEVELOPMENT_TEAM = MW9ST4RSBC;
				INFOPLIST_FILE = RunTimeStudyTests/Info.plist;
				LD_RUNPATH_SEARCH_PATHS = "$(inherited) @executable_path/Frameworks @loader_path/Frameworks";
				PRODUCT_BUNDLE_IDENTIFIER = "--.RunTimeStudyTests";
				PRODUCT_NAME = "$(TARGET_NAME)";
				TEST_HOST = "$(BUILT_PRODUCTS_DIR)/RunTimeStudy.app/RunTimeStudy";
			};
			name = Debug;
		};
		F4A0FB511E497B9F000086B4 /* Release */ = {
			isa = XCBuildConfiguration;
			buildSettings = {
				BUNDLE_LOADER = "$(TEST_HOST)";
				DEVELOPMENT_TEAM = MW9ST4RSBC;
				INFOPLIST_FILE = RunTimeStudyTests/Info.plist;
				LD_RUNPATH_SEARCH_PATHS = "$(inherited) @executable_path/Frameworks @loader_path/Frameworks";
				PRODUCT_BUNDLE_IDENTIFIER = "--.RunTimeStudyTests";
				PRODUCT_NAME = "$(TARGET_NAME)";
				TEST_HOST = "$(BUILT_PRODUCTS_DIR)/RunTimeStudy.app/RunTimeStudy";
			};
			name = Release;
		};
		F4A0FB531E497B9F000086B4 /* Debug */ = {
			isa = XCBuildConfiguration;
			buildSettings = {
				DEVELOPMENT_TEAM = MW9ST4RSBC;
				INFOPLIST_FILE = RunTimeStudyUITests/Info.plist;
				LD_RUNPATH_SEARCH_PATHS = "$(inherited) @executable_path/Frameworks @loader_path/Frameworks";
				PRODUCT_BUNDLE_IDENTIFIER = "--.RunTimeStudyUITests";
				PRODUCT_NAME = "$(TARGET_NAME)";
				TEST_TARGET_NAME = RunTimeStudy;
			};
			name = Debug;
		};
		F4A0FB541E497B9F000086B4 /* Release */ = {
			isa = XCBuildConfiguration;
			buildSettings = {
				DEVELOPMENT_TEAM = MW9ST4RSBC;
				INFOPLIST_FILE = RunTimeStudyUITests/Info.plist;
				LD_RUNPATH_SEARCH_PATHS = "$(inherited) @executable_path/Frameworks @loader_path/Frameworks";
				PRODUCT_BUNDLE_IDENTIFIER = "--.RunTimeStudyUITests";
				PRODUCT_NAME = "$(TARGET_NAME)";
				TEST_TARGET_NAME = RunTimeStudy;
			};
			name = Release;
		};
/* End XCBuildConfiguration section */

/* Begin XCConfigurationList section */
		F4A0FB1A1E497B9F000086B4 /* Build configuration list for PBXProject "RunTimeStudy" */ = {
			isa = XCConfigurationList;
			buildConfigurations = (
				F4A0FB4A1E497B9F000086B4 /* Debug */,
				F4A0FB4B1E497B9F000086B4 /* Release */,
			);
			defaultConfigurationIsVisible = 0;
			defaultConfigurationName = Release;
		};
		F4A0FB4C1E497B9F000086B4 /* Build configuration list for PBXNativeTarget "RunTimeStudy" */ = {
			isa = XCConfigurationList;
			buildConfigurations = (
				F4A0FB4D1E497B9F000086B4 /* Debug */,
				F4A0FB4E1E497B9F000086B4 /* Release */,
			);
			defaultConfigurationIsVisible = 0;
		};
		F4A0FB4F1E497B9F000086B4 /* Build configuration list for PBXNativeTarget "RunTimeStudyTests" */ = {
			isa = XCConfigurationList;
			buildConfigurations = (
				F4A0FB501E497B9F000086B4 /* Debug */,
				F4A0FB511E497B9F000086B4 /* Release */,
			);
			defaultConfigurationIsVisible = 0;
		};
		F4A0FB521E497B9F000086B4 /* Build configuration list for PBXNativeTarget "RunTimeStudyUITests" */ = {
			isa = XCConfigurationList;
			buildConfigurations = (
				F4A0FB531E497B9F000086B4 /* Debug */,
				F4A0FB541E497B9F000086B4 /* Release */,
			);
			defaultConfigurationIsVisible = 0;
		};
/* End XCConfigurationList section */
	};
	rootObject = F4A0FB171E497B9F000086B4 /* Project object */;
}
